// !$*UTF8*$!
{
	archiveVersion = 1;
	classes = {
	};
	objectVersion = 46;
	objects = {

/* Begin PBXBuildFile section */
		303B934F1E9B3EFD00E6D365 /* AppDelegate.swift in Sources */ = {isa = PBXBuildFile; fileRef = 303B934E1E9B3EFD00E6D365 /* AppDelegate.swift */; };
		303B93511E9B3EFD00E6D365 /* MapVC.swift in Sources */ = {isa = PBXBuildFile; fileRef = 303B93501E9B3EFD00E6D365 /* MapVC.swift */; };
		303B93541E9B3EFD00E6D365 /* Main.storyboard in Resources */ = {isa = PBXBuildFile; fileRef = 303B93521E9B3EFD00E6D365 /* Main.storyboard */; };
		303B93561E9B3EFD00E6D365 /* Assets.xcassets in Resources */ = {isa = PBXBuildFile; fileRef = 303B93551E9B3EFD00E6D365 /* Assets.xcassets */; };
		303B93591E9B3EFD00E6D365 /* LaunchScreen.storyboard in Resources */ = {isa = PBXBuildFile; fileRef = 303B93571E9B3EFD00E6D365 /* LaunchScreen.storyboard */; };
		303B93621E9B4C1000E6D365 /* PhotoAlbumVC.swift in Sources */ = {isa = PBXBuildFile; fileRef = 303B93611E9B4C1000E6D365 /* PhotoAlbumVC.swift */; };
		303B93661E9B4E6900E6D365 /* Model.xcdatamodeld in Sources */ = {isa = PBXBuildFile; fileRef = 303B93641E9B4E6900E6D365 /* Model.xcdatamodeld */; };
		303B93681E9B4F9B00E6D365 /* WebClient.swift in Sources */ = {isa = PBXBuildFile; fileRef = 303B93671E9B4F9B00E6D365 /* WebClient.swift */; };
		303B936A1E9B72E100E6D365 /* Constants.swift in Sources */ = {isa = PBXBuildFile; fileRef = 303B93691E9B72E100E6D365 /* Constants.swift */; };
		303B936C1E9B72F800E6D365 /* Helper.swift in Sources */ = {isa = PBXBuildFile; fileRef = 303B936B1E9B72F800E6D365 /* Helper.swift */; };
/* End PBXBuildFile section */

/* Begin PBXFileReference section */
		303B934B1E9B3EFD00E6D365 /* Virtual Tourist.app */ = {isa = PBXFileReference; explicitFileType = wrapper.application; includeInIndex = 0; path = "Virtual Tourist.app"; sourceTree = BUILT_PRODUCTS_DIR; };
		303B934E1E9B3EFD00E6D365 /* AppDelegate.swift */ = {isa = PBXFileReference; lastKnownFileType = sourcecode.swift; path = AppDelegate.swift; sourceTree = "<group>"; };
		303B93501E9B3EFD00E6D365 /* MapVC.swift */ = {isa = PBXFileReference; lastKnownFileType = sourcecode.swift; path = MapVC.swift; sourceTree = "<group>"; };
		303B93531E9B3EFD00E6D365 /* Base */ = {isa = PBXFileReference; lastKnownFileType = file.storyboard; name = Base; path = Base.lproj/Main.storyboard; sourceTree = "<group>"; };
		303B93551E9B3EFD00E6D365 /* Assets.xcassets */ = {isa = PBXFileReference; lastKnownFileType = folder.assetcatalog; path = Assets.xcassets; sourceTree = "<group>"; };
		303B93581E9B3EFD00E6D365 /* Base */ = {isa = PBXFileReference; lastKnownFileType = file.storyboard; name = Base; path = Base.lproj/LaunchScreen.storyboard; sourceTree = "<group>"; };
		303B935A1E9B3EFD00E6D365 /* Info.plist */ = {isa = PBXFileReference; lastKnownFileType = text.plist.xml; path = Info.plist; sourceTree = "<group>"; };
		303B93611E9B4C1000E6D365 /* PhotoAlbumVC.swift */ = {isa = PBXFileReference; fileEncoding = 4; lastKnownFileType = sourcecode.swift; path = PhotoAlbumVC.swift; sourceTree = "<group>"; };
		303B93651E9B4E6900E6D365 /* Model.xcdatamodel */ = {isa = PBXFileReference; lastKnownFileType = wrapper.xcdatamodel; path = Model.xcdatamodel; sourceTree = "<group>"; };
		303B93671E9B4F9B00E6D365 /* WebClient.swift */ = {isa = PBXFileReference; fileEncoding = 4; lastKnownFileType = sourcecode.swift; path = WebClient.swift; sourceTree = "<group>"; };
		303B93691E9B72E100E6D365 /* Constants.swift */ = {isa = PBXFileReference; fileEncoding = 4; lastKnownFileType = sourcecode.swift; path = Constants.swift; sourceTree = "<group>"; };
		303B936B1E9B72F800E6D365 /* Helper.swift */ = {isa = PBXFileReference; fileEncoding = 4; lastKnownFileType = sourcecode.swift; path = Helper.swift; sourceTree = "<group>"; };
/* End PBXFileReference section */

/* Begin PBXFrameworksBuildPhase section */
		303B93481E9B3EFD00E6D365 /* Frameworks */ = {
			isa = PBXFrameworksBuildPhase;
			buildActionMask = 2147483647;
			files = (
			);
			runOnlyForDeploymentPostprocessing = 0;
		};
/* End PBXFrameworksBuildPhase section */

/* Begin PBXGroup section */
		303B93421E9B3EFD00E6D365 = {
			isa = PBXGroup;
			children = (
				303B934D1E9B3EFD00E6D365 /* Virtual Tourist */,
				303B934C1E9B3EFD00E6D365 /* Products */,
			);
			sourceTree = "<group>";
		};
		303B934C1E9B3EFD00E6D365 /* Products */ = {
			isa = PBXGroup;
			children = (
				303B934B1E9B3EFD00E6D365 /* Virtual Tourist.app */,
			);
			name = Products;
			sourceTree = "<group>";
		};
		303B934D1E9B3EFD00E6D365 /* Virtual Tourist */ = {
			isa = PBXGroup;
			children = (
				303B93631E9B4E3F00E6D365 /* Model */,
				303B93601E9B44E800E6D365 /* View Controllers */,
				303B934E1E9B3EFD00E6D365 /* AppDelegate.swift */,
				303B93521E9B3EFD00E6D365 /* Main.storyboard */,
				303B93551E9B3EFD00E6D365 /* Assets.xcassets */,
				303B93571E9B3EFD00E6D365 /* LaunchScreen.storyboard */,
				303B935A1E9B3EFD00E6D365 /* Info.plist */,
				303B936B1E9B72F800E6D365 /* Helper.swift */,
			);
			path = "Virtual Tourist";
			sourceTree = "<group>";
		};
		303B93601E9B44E800E6D365 /* View Controllers */ = {
			isa = PBXGroup;
			children = (
				303B93501E9B3EFD00E6D365 /* MapVC.swift */,
				303B93611E9B4C1000E6D365 /* PhotoAlbumVC.swift */,
			);
			name = "View Controllers";
			sourceTree = "<group>";
		};
		303B93631E9B4E3F00E6D365 /* Model */ = {
			isa = PBXGroup;
			children = (
				303B93641E9B4E6900E6D365 /* Model.xcdatamodeld */,
				303B93671E9B4F9B00E6D365 /* WebClient.swift */,
				303B93691E9B72E100E6D365 /* Constants.swift */,
			);
			name = Model;
			sourceTree = "<group>";
		};
/* End PBXGroup section */

/* Begin PBXNativeTarget section */
		303B934A1E9B3EFD00E6D365 /* Virtual Tourist */ = {
			isa = PBXNativeTarget;
			buildConfigurationList = 303B935D1E9B3EFD00E6D365 /* Build configuration list for PBXNativeTarget "Virtual Tourist" */;
			buildPhases = (
				303B93471E9B3EFD00E6D365 /* Sources */,
				303B93481E9B3EFD00E6D365 /* Frameworks */,
				303B93491E9B3EFD00E6D365 /* Resources */,
			);
			buildRules = (
			);
			dependencies = (
			);
			name = "Virtual Tourist";
			productName = "Virtual Tourist";
			productReference = 303B934B1E9B3EFD00E6D365 /* Virtual Tourist.app */;
			productType = "com.apple.product-type.application";
		};
/* End PBXNativeTarget section */

/* Begin PBXProject section */
		303B93431E9B3EFD00E6D365 /* Project object */ = {
			isa = PBXProject;
			attributes = {
				LastSwiftUpdateCheck = 0830;
				LastUpgradeCheck = 0830;
				ORGANIZATIONNAME = RLabs;
				TargetAttributes = {
					303B934A1E9B3EFD00E6D365 = {
						CreatedOnToolsVersion = 8.3;
						DevelopmentTeam = 59ZDL3D4PJ;
						ProvisioningStyle = Automatic;
					};
				};
			};
			buildConfigurationList = 303B93461E9B3EFD00E6D365 /* Build configuration list for PBXProject "Virtual Tourist" */;
			compatibilityVersion = "Xcode 3.2";
			developmentRegion = English;
			hasScannedForEncodings = 0;
			knownRegions = (
				en,
				Base,
			);
			mainGroup = 303B93421E9B3EFD00E6D365;
			productRefGroup = 303B934C1E9B3EFD00E6D365 /* Products */;
			projectDirPath = "";
			projectRoot = "";
			targets = (
				303B934A1E9B3EFD00E6D365 /* Virtual Tourist */,
			);
		};
/* End PBXProject section */

/* Begin PBXResourcesBuildPhase section */
		303B93491E9B3EFD00E6D365 /* Resources */ = {
			isa = PBXResourcesBuildPhase;
			buildActionMask = 2147483647;
			files = (
				303B93591E9B3EFD00E6D365 /* LaunchScreen.storyboard in Resources */,
				303B93561E9B3EFD00E6D365 /* Assets.xcassets in Resources */,
				303B93541E9B3EFD00E6D365 /* Main.storyboard in Resources */,
			);
			runOnlyForDeploymentPostprocessing = 0;
		};
/* End PBXResourcesBuildPhase section */

/* Begin PBXSourcesBuildPhase section */
		303B93471E9B3EFD00E6D365 /* Sources */ = {
			isa = PBXSourcesBuildPhase;
			buildActionMask = 2147483647;
			files = (
				303B93621E9B4C1000E6D365 /* PhotoAlbumVC.swift in Sources */,
				303B936C1E9B72F800E6D365 /* Helper.swift in Sources */,
				303B93511E9B3EFD00E6D365 /* MapVC.swift in Sources */,
				303B934F1E9B3EFD00E6D365 /* AppDelegate.swift in Sources */,
				303B93681E9B4F9B00E6D365 /* WebClient.swift in Sources */,
				303B93661E9B4E6900E6D365 /* Model.xcdatamodeld in Sources */,
				303B936A1E9B72E100E6D365 /* Constants.swift in Sources */,
			);
			runOnlyForDeploymentPostprocessing = 0;
		};
/* End PBXSourcesBuildPhase section */

/* Begin PBXVariantGroup section */
		303B93521E9B3EFD00E6D365 /* Main.storyboard */ = {
			isa = PBXVariantGroup;
			children = (
				303B93531E9B3EFD00E6D365 /* Base */,
			);
			name = Main.storyboard;
			sourceTree = "<group>";
		};
		303B93571E9B3EFD00E6D365 /* LaunchScreen.storyboard */ = {
			isa = PBXVariantGroup;
			children = (
				303B93581E9B3EFD00E6D365 /* Base */,
			);
			name = LaunchScreen.storyboard;
			sourceTree = "<group>";
		};
/* End PBXVariantGroup section */

/* Begin XCBuildConfiguration section */
		303B935B1E9B3EFD00E6D365 /* Debug */ = {
			isa = XCBuildConfiguration;
			buildSettings = {
				ALWAYS_SEARCH_USER_PATHS = NO;
				CLANG_ANALYZER_NONNULL = YES;
				CLANG_ANALYZER_NUMBER_OBJECT_CONVERSION = YES_AGGRESSIVE;
				CLANG_CXX_LANGUAGE_STANDARD = "gnu++0x";
				CLANG_CXX_LIBRARY = "libc++";
				CLANG_ENABLE_MODULES = YES;
				CLANG_ENABLE_OBJC_ARC = YES;
				CLANG_WARN_BOOL_CONVERSION = YES;
				CLANG_WARN_CONSTANT_CONVERSION = YES;
				CLANG_WARN_DIRECT_OBJC_ISA_USAGE = YES_ERROR;
				CLANG_WARN_DOCUMENTATION_COMMENTS = YES;
				CLANG_WARN_EMPTY_BODY = YES;
				CLANG_WARN_ENUM_CONVERSION = YES;
				CLANG_WARN_INFINITE_RECURSION = YES;
				CLANG_WARN_INT_CONVERSION = YES;
				CLANG_WARN_OBJC_ROOT_CLASS = YES_ERROR;
				CLANG_WARN_SUSPICIOUS_MOVE = YES;
				CLANG_WARN_UNREACHABLE_CODE = YES;
				CLANG_WARN__DUPLICATE_METHOD_MATCH = YES;
				"CODE_SIGN_IDENTITY[sdk=iphoneos*]" = "iPhone Developer";
				COPY_PHASE_STRIP = NO;
				DEBUG_INFORMATION_FORMAT = dwarf;
				ENABLE_STRICT_OBJC_MSGSEND = YES;
				ENABLE_TESTABILITY = YES;
				GCC_C_LANGUAGE_STANDARD = gnu99;
				GCC_DYNAMIC_NO_PIC = NO;
				GCC_NO_COMMON_BLOCKS = YES;
				GCC_OPTIMIZATION_LEVEL = 0;
				GCC_PREPROCESSOR_DEFINITIONS = (
					"DEBUG=1",
					"$(inherited)",
				);
				GCC_WARN_64_TO_32_BIT_CONVERSION = YES;
				GCC_WARN_ABOUT_RETURN_TYPE = YES_ERROR;
				GCC_WARN_UNDECLARED_SELECTOR = YES;
				GCC_WARN_UNINITIALIZED_AUTOS = YES_AGGRESSIVE;
				GCC_WARN_UNUSED_FUNCTION = YES;
				GCC_WARN_UNUSED_VARIABLE = YES;
				IPHONEOS_DEPLOYMENT_TARGET = 10.3;
				MTL_ENABLE_DEBUG_INFO = YES;
				ONLY_ACTIVE_ARCH = YES;
				SDKROOT = iphoneos;
				SWIFT_ACTIVE_COMPILATION_CONDITIONS = DEBUG;
				SWIFT_OPTIMIZATION_LEVEL = "-Onone";
			};
			name = Debug;
		};
		303B935C1E9B3EFD00E6D365 /* Release */ = {
			isa = XCBuildConfiguration;
			buildSettings = {
				ALWAYS_SEARCH_USER_PATHS = NO;
				CLANG_ANALYZER_NONNULL = YES;
				CLANG_ANALYZER_NUMBER_OBJECT_CONVERSION = YES_AGGRESSIVE;
				CLANG_CXX_LANGUAGE_STANDARD = "gnu++0x";
				CLANG_CXX_LIBRARY = "libc++";
				CLANG_ENABLE_MODULES = YES;
				CLANG_ENABLE_OBJC_ARC = YES;
				CLANG_WARN_BOOL_CONVERSION = YES;
				CLANG_WARN_CONSTANT_CONVERSION = YES;
				CLANG_WARN_DIRECT_OBJC_ISA_USAGE = YES_ERROR;
				CLANG_WARN_DOCUMENTATION_COMMENTS = YES;
				CLANG_WARN_EMPTY_BODY = YES;
				CLANG_WARN_ENUM_CONVERSION = YES;
				CLANG_WARN_INFINITE_RECURSION = YES;
				CLANG_WARN_INT_CONVERSION = YES;
				CLANG_WARN_OBJC_ROOT_CLASS = YES_ERROR;
				CLANG_WARN_SUSPICIOUS_MOVE = YES;
				CLANG_WARN_UNREACHABLE_CODE = YES;
				CLANG_WARN__DUPLICATE_METHOD_MATCH = YES;
				"CODE_SIGN_IDENTITY[sdk=iphoneos*]" = "iPhone Developer";
				COPY_PHASE_STRIP = NO;
				DEBUG_INFORMATION_FORMAT = "dwarf-with-dsym";
				ENABLE_NS_ASSERTIONS = NO;
				ENABLE_STRICT_OBJC_MSGSEND = YES;
				GCC_C_LANGUAGE_STANDARD = gnu99;
				GCC_NO_COMMON_BLOCKS = YES;
				GCC_WARN_64_TO_32_BIT_CONVERSION = YES;
				GCC_WARN_ABOUT_RETURN_TYPE = YES_ERROR;
				GCC_WARN_UNDECLARED_SELECTOR = YES;
				GCC_WARN_UNINITIALIZED_AUTOS = YES_AGGRESSIVE;
				GCC_WARN_UNUSED_FUNCTION = YES;
				GCC_WARN_UNUSED_VARIABLE = YES;
				IPHONEOS_DEPLOYMENT_TARGET = 10.3;
				MTL_ENABLE_DEBUG_INFO = NO;
				SDKROOT = iphoneos;
				SWIFT_OPTIMIZATION_LEVEL = "-Owholemodule";
				VALIDATE_PRODUCT = YES;
			};
			name = Release;
		};
		303B935E1E9B3EFD00E6D365 /* Debug */ = {
			isa = XCBuildConfiguration;
			buildSettings = {
				ASSETCATALOG_COMPILER_APPICON_NAME = AppIcon;
				DEVELOPMENT_TEAM = 59ZDL3D4PJ;
				INFOPLIST_FILE = "Virtual Tourist/Info.plist";
				IPHONEOS_DEPLOYMENT_TARGET = 9.0;
				LD_RUNPATH_SEARCH_PATHS = "$(inherited) @executable_path/Frameworks";
				PRODUCT_BUNDLE_IDENTIFIER = "tech.rlabs.Virtual-Tourist";
				PRODUCT_NAME = "$(TARGET_NAME)";
				SWIFT_VERSION = 3.0;
			};
			name = Debug;
		};
		303B935F1E9B3EFD00E6D365 /* Release */ = {
			isa = XCBuildConfiguration;
			buildSettings = {
				ASSETCATALOG_COMPILER_APPICON_NAME = AppIcon;
				DEVELOPMENT_TEAM = 59ZDL3D4PJ;
				INFOPLIST_FILE = "Virtual Tourist/Info.plist";
				IPHONEOS_DEPLOYMENT_TARGET = 9.0;
				LD_RUNPATH_SEARCH_PATHS = "$(inherited) @executable_path/Frameworks";
				PRODUCT_BUNDLE_IDENTIFIER = "tech.rlabs.Virtual-Tourist";
				PRODUCT_NAME = "$(TARGET_NAME)";
				SWIFT_VERSION = 3.0;
			};
			name = Release;
		};
/* End XCBuildConfiguration section */

/* Begin XCConfigurationList section */
		303B93461E9B3EFD00E6D365 /* Build configuration list for PBXProject "Virtual Tourist" */ = {
			isa = XCConfigurationList;
			buildConfigurations = (
				303B935B1E9B3EFD00E6D365 /* Debug */,
				303B935C1E9B3EFD00E6D365 /* Release */,
			);
			defaultConfigurationIsVisible = 0;
			defaultConfigurationName = Release;
		};
		303B935D1E9B3EFD00E6D365 /* Build configuration list for PBXNativeTarget "Virtual Tourist" */ = {
			isa = XCConfigurationList;
			buildConfigurations = (
				303B935E1E9B3EFD00E6D365 /* Debug */,
				303B935F1E9B3EFD00E6D365 /* Release */,
			);
			defaultConfigurationIsVisible = 0;
			defaultConfigurationName = Release;
		};
/* End XCConfigurationList section */

/* Begin XCVersionGroup section */
		303B93641E9B4E6900E6D365 /* Model.xcdatamodeld */ = {
			isa = XCVersionGroup;
			children = (
				303B93651E9B4E6900E6D365 /* Model.xcdatamodel */,
			);
			currentVersion = 303B93651E9B4E6900E6D365 /* Model.xcdatamodel */;
			path = Model.xcdatamodeld;
			sourceTree = "<group>";
			versionGroupType = wrapper.xcdatamodel;
		};
/* End XCVersionGroup section */
	};
	rootObject = 303B93431E9B3EFD00E6D365 /* Project object */;
}
